<?xml version="1.0" encoding="utf-8"?>
<Project ToolsVersion="4.0" xmlns="http://schemas.microsoft.com/developer/msbuild/2003">
  <ItemGroup>
    <Filter Include="External">
      <UniqueIdentifier>{2ba48fa2-122f-4848-976a-8215de9bc81f}</UniqueIdentifier>
    </Filter>
    <Filter Include="External\Imgui">
      <UniqueIdentifier>{b489426f-fbc1-4796-b905-3bb153af5c3c}</UniqueIdentifier>
    </Filter>
    <Filter Include="External\SDL">
      <UniqueIdentifier>{aec1b18e-d1ef-4f46-95ec-eda7c77ab17f}</UniqueIdentifier>
    </Filter>
    <Filter Include="External\glew">
      <UniqueIdentifier>{38f209ef-fc70-44bd-8fc1-90de1988882a}</UniqueIdentifier>
    </Filter>
    <Filter Include="External\MathGeo">
      <UniqueIdentifier>{96e93cac-2778-4b7c-8864-ec926de8085c}</UniqueIdentifier>
    </Filter>
    <Filter Include="External\MathGeo\geometry">
      <UniqueIdentifier>{6f1b3598-c4a2-4367-8dab-12c860e962be}</UniqueIdentifier>
    </Filter>
    <Filter Include="External\MathGeo\Math">
      <UniqueIdentifier>{1264cca0-8bc4-4d9c-99a3-7456da60fcb8}</UniqueIdentifier>
    </Filter>
    <Filter Include="External\MathGeo\Time">
      <UniqueIdentifier>{556a4c8d-ec2a-4619-91a7-afca9d86a3a0}</UniqueIdentifier>
    </Filter>
    <Filter Include="External\assimp">
      <UniqueIdentifier>{1a98068b-aedb-4a5f-9142-5fdac10ec492}</UniqueIdentifier>
    </Filter>
    <Filter Include="External\stb">
      <UniqueIdentifier>{f7df9874-909c-4f70-bf97-d22dcc280a3e}</UniqueIdentifier>
    </Filter>
  </ItemGroup>
  <ItemGroup>
    <ClInclude Include="Source\External\imgui\include\imconfig.h">
      <Filter>External\Imgui</Filter>
    </ClInclude>
    <ClInclude Include="Source\External\imgui\include\imgui.h">
      <Filter>External\Imgui</Filter>
    </ClInclude>
    <ClInclude Include="Source\External\imgui\include\imgui_impl_opengl2.h">
      <Filter>External\Imgui</Filter>
    </ClInclude>
    <ClInclude Include="Source\External\imgui\include\imgui_impl_sdl.h">
      <Filter>External\Imgui</Filter>
    </ClInclude>
    <ClInclude Include="Source\External\imgui\include\imgui_internal.h">
      <Filter>External\Imgui</Filter>
    </ClInclude>
    <ClInclude Include="Source\External\imgui\include\imstb_rectpack.h">
      <Filter>External\Imgui</Filter>
    </ClInclude>
    <ClInclude Include="Source\External\imgui\include\imstb_textedit.h">
      <Filter>External\Imgui</Filter>
    </ClInclude>
    <ClInclude Include="Source\External\imgui\include\imstb_truetype.h">
      <Filter>External\Imgui</Filter>
    </ClInclude>
    <ClInclude Include="Source\External\SDL\include\begin_code.h">
      <Filter>External\SDL</Filter>
    </ClInclude>
    <ClInclude Include="Source\External\SDL\include\close_code.h">
      <Filter>External\SDL</Filter>
    </ClInclude>
    <ClInclude Include="Source\External\SDL\include\SDL.h">
      <Filter>External\SDL</Filter>
    </ClInclude>
    <ClInclude Include="Source\External\SDL\include\SDL_assert.h">
      <Filter>External\SDL</Filter>
    </ClInclude>
    <ClInclude Include="Source\External\SDL\include\SDL_atomic.h">
      <Filter>External\SDL</Filter>
    </ClInclude>
    <ClInclude Include="Source\External\SDL\include\SDL_audio.h">
      <Filter>External\SDL</Filter>
    </ClInclude>
    <ClInclude Include="Source\External\SDL\include\SDL_bits.h">
      <Filter>External\SDL</Filter>
    </ClInclude>
    <ClInclude Include="Source\External\SDL\include\SDL_blendmode.h">
      <Filter>External\SDL</Filter>
    </ClInclude>
    <ClInclude Include="Source\External\SDL\include\SDL_clipboard.h">
      <Filter>External\SDL</Filter>
    </ClInclude>
    <ClInclude Include="Source\External\SDL\include\SDL_config.h">
      <Filter>External\SDL</Filter>
    </ClInclude>
    <ClInclude Include="Source\External\SDL\include\SDL_config_android.h">
      <Filter>External\SDL</Filter>
    </ClInclude>
    <ClInclude Include="Source\External\SDL\include\SDL_config_iphoneos.h">
      <Filter>External\SDL</Filter>
    </ClInclude>
    <ClInclude Include="Source\External\SDL\include\SDL_config_macosx.h">
      <Filter>External\SDL</Filter>
    </ClInclude>
    <ClInclude Include="Source\External\SDL\include\SDL_config_minimal.h">
      <Filter>External\SDL</Filter>
    </ClInclude>
    <ClInclude Include="Source\External\SDL\include\SDL_config_pandora.h">
      <Filter>External\SDL</Filter>
    </ClInclude>
    <ClInclude Include="Source\External\SDL\include\SDL_config_psp.h">
      <Filter>External\SDL</Filter>
    </ClInclude>
    <ClInclude Include="Source\External\SDL\include\SDL_config_windows.h">
      <Filter>External\SDL</Filter>
    </ClInclude>
    <ClInclude Include="Source\External\SDL\include\SDL_config_winrt.h">
      <Filter>External\SDL</Filter>
    </ClInclude>
    <ClInclude Include="Source\External\SDL\include\SDL_config_wiz.h">
      <Filter>External\SDL</Filter>
    </ClInclude>
    <ClInclude Include="Source\External\SDL\include\SDL_copying.h">
      <Filter>External\SDL</Filter>
    </ClInclude>
    <ClInclude Include="Source\External\SDL\include\SDL_cpuinfo.h">
      <Filter>External\SDL</Filter>
    </ClInclude>
    <ClInclude Include="Source\External\SDL\include\SDL_egl.h">
      <Filter>External\SDL</Filter>
    </ClInclude>
    <ClInclude Include="Source\External\SDL\include\SDL_endian.h">
      <Filter>External\SDL</Filter>
    </ClInclude>
    <ClInclude Include="Source\External\SDL\include\SDL_error.h">
      <Filter>External\SDL</Filter>
    </ClInclude>
    <ClInclude Include="Source\External\SDL\include\SDL_events.h">
      <Filter>External\SDL</Filter>
    </ClInclude>
    <ClInclude Include="Source\External\SDL\include\SDL_filesystem.h">
      <Filter>External\SDL</Filter>
    </ClInclude>
    <ClInclude Include="Source\External\SDL\include\SDL_gamecontroller.h">
      <Filter>External\SDL</Filter>
    </ClInclude>
    <ClInclude Include="Source\External\SDL\include\SDL_gesture.h">
      <Filter>External\SDL</Filter>
    </ClInclude>
    <ClInclude Include="Source\External\SDL\include\SDL_haptic.h">
      <Filter>External\SDL</Filter>
    </ClInclude>
    <ClInclude Include="Source\External\SDL\include\SDL_hints.h">
      <Filter>External\SDL</Filter>
    </ClInclude>
    <ClInclude Include="Source\External\SDL\include\SDL_joystick.h">
      <Filter>External\SDL</Filter>
    </ClInclude>
    <ClInclude Include="Source\External\SDL\include\SDL_keyboard.h">
      <Filter>External\SDL</Filter>
    </ClInclude>
    <ClInclude Include="Source\External\SDL\include\SDL_keycode.h">
      <Filter>External\SDL</Filter>
    </ClInclude>
    <ClInclude Include="Source\External\SDL\include\SDL_loadso.h">
      <Filter>External\SDL</Filter>
    </ClInclude>
    <ClInclude Include="Source\External\SDL\include\SDL_locale.h">
      <Filter>External\SDL</Filter>
    </ClInclude>
    <ClInclude Include="Source\External\SDL\include\SDL_log.h">
      <Filter>External\SDL</Filter>
    </ClInclude>
    <ClInclude Include="Source\External\SDL\include\SDL_main.h">
      <Filter>External\SDL</Filter>
    </ClInclude>
    <ClInclude Include="Source\External\SDL\include\SDL_messagebox.h">
      <Filter>External\SDL</Filter>
    </ClInclude>
    <ClInclude Include="Source\External\SDL\include\SDL_metal.h">
      <Filter>External\SDL</Filter>
    </ClInclude>
    <ClInclude Include="Source\External\SDL\include\SDL_misc.h">
      <Filter>External\SDL</Filter>
    </ClInclude>
    <ClInclude Include="Source\External\SDL\include\SDL_mouse.h">
      <Filter>External\SDL</Filter>
    </ClInclude>
    <ClInclude Include="Source\External\SDL\include\SDL_mutex.h">
      <Filter>External\SDL</Filter>
    </ClInclude>
    <ClInclude Include="Source\External\SDL\include\SDL_name.h">
      <Filter>External\SDL</Filter>
    </ClInclude>
    <ClInclude Include="Source\External\SDL\include\SDL_opengl.h">
      <Filter>External\SDL</Filter>
    </ClInclude>
    <ClInclude Include="Source\External\SDL\include\SDL_opengl_glext.h">
      <Filter>External\SDL</Filter>
    </ClInclude>
    <ClInclude Include="Source\External\SDL\include\SDL_opengles.h">
      <Filter>External\SDL</Filter>
    </ClInclude>
    <ClInclude Include="Source\External\SDL\include\SDL_opengles2.h">
      <Filter>External\SDL</Filter>
    </ClInclude>
    <ClInclude Include="Source\External\SDL\include\SDL_opengles2_gl2.h">
      <Filter>External\SDL</Filter>
    </ClInclude>
    <ClInclude Include="Source\External\SDL\include\SDL_opengles2_gl2ext.h">
      <Filter>External\SDL</Filter>
    </ClInclude>
    <ClInclude Include="Source\External\SDL\include\SDL_opengles2_gl2platform.h">
      <Filter>External\SDL</Filter>
    </ClInclude>
    <ClInclude Include="Source\External\SDL\include\SDL_opengles2_khrplatform.h">
      <Filter>External\SDL</Filter>
    </ClInclude>
    <ClInclude Include="Source\External\SDL\include\SDL_pixels.h">
      <Filter>External\SDL</Filter>
    </ClInclude>
    <ClInclude Include="Source\External\SDL\include\SDL_platform.h">
      <Filter>External\SDL</Filter>
    </ClInclude>
    <ClInclude Include="Source\External\SDL\include\SDL_power.h">
      <Filter>External\SDL</Filter>
    </ClInclude>
    <ClInclude Include="Source\External\SDL\include\SDL_quit.h">
      <Filter>External\SDL</Filter>
    </ClInclude>
    <ClInclude Include="Source\External\SDL\include\SDL_rect.h">
      <Filter>External\SDL</Filter>
    </ClInclude>
    <ClInclude Include="Source\External\SDL\include\SDL_render.h">
      <Filter>External\SDL</Filter>
    </ClInclude>
    <ClInclude Include="Source\External\SDL\include\SDL_revision.h">
      <Filter>External\SDL</Filter>
    </ClInclude>
    <ClInclude Include="Source\External\SDL\include\SDL_rwops.h">
      <Filter>External\SDL</Filter>
    </ClInclude>
    <ClInclude Include="Source\External\SDL\include\SDL_scancode.h">
      <Filter>External\SDL</Filter>
    </ClInclude>
    <ClInclude Include="Source\External\SDL\include\SDL_sensor.h">
      <Filter>External\SDL</Filter>
    </ClInclude>
    <ClInclude Include="Source\External\SDL\include\SDL_shape.h">
      <Filter>External\SDL</Filter>
    </ClInclude>
    <ClInclude Include="Source\External\SDL\include\SDL_stdinc.h">
      <Filter>External\SDL</Filter>
    </ClInclude>
    <ClInclude Include="Source\External\SDL\include\SDL_surface.h">
      <Filter>External\SDL</Filter>
    </ClInclude>
    <ClInclude Include="Source\External\SDL\include\SDL_system.h">
      <Filter>External\SDL</Filter>
    </ClInclude>
    <ClInclude Include="Source\External\SDL\include\SDL_syswm.h">
      <Filter>External\SDL</Filter>
    </ClInclude>
    <ClInclude Include="Source\External\SDL\include\SDL_test.h">
      <Filter>External\SDL</Filter>
    </ClInclude>
    <ClInclude Include="Source\External\SDL\include\SDL_test_assert.h">
      <Filter>External\SDL</Filter>
    </ClInclude>
    <ClInclude Include="Source\External\SDL\include\SDL_test_common.h">
      <Filter>External\SDL</Filter>
    </ClInclude>
    <ClInclude Include="Source\External\SDL\include\SDL_test_compare.h">
      <Filter>External\SDL</Filter>
    </ClInclude>
    <ClInclude Include="Source\External\SDL\include\SDL_test_crc32.h">
      <Filter>External\SDL</Filter>
    </ClInclude>
    <ClInclude Include="Source\External\SDL\include\SDL_test_font.h">
      <Filter>External\SDL</Filter>
    </ClInclude>
    <ClInclude Include="Source\External\SDL\include\SDL_test_fuzzer.h">
      <Filter>External\SDL</Filter>
    </ClInclude>
    <ClInclude Include="Source\External\SDL\include\SDL_test_harness.h">
      <Filter>External\SDL</Filter>
    </ClInclude>
    <ClInclude Include="Source\External\SDL\include\SDL_test_images.h">
      <Filter>External\SDL</Filter>
    </ClInclude>
    <ClInclude Include="Source\External\SDL\include\SDL_test_log.h">
      <Filter>External\SDL</Filter>
    </ClInclude>
    <ClInclude Include="Source\External\SDL\include\SDL_test_md5.h">
      <Filter>External\SDL</Filter>
    </ClInclude>
    <ClInclude Include="Source\External\SDL\include\SDL_test_memory.h">
      <Filter>External\SDL</Filter>
    </ClInclude>
    <ClInclude Include="Source\External\SDL\include\SDL_test_random.h">
      <Filter>External\SDL</Filter>
    </ClInclude>
    <ClInclude Include="Source\External\SDL\include\SDL_thread.h">
      <Filter>External\SDL</Filter>
    </ClInclude>
    <ClInclude Include="Source\External\SDL\include\SDL_timer.h">
      <Filter>External\SDL</Filter>
    </ClInclude>
    <ClInclude Include="Source\External\SDL\include\SDL_touch.h">
      <Filter>External\SDL</Filter>
    </ClInclude>
    <ClInclude Include="Source\External\SDL\include\SDL_types.h">
      <Filter>External\SDL</Filter>
    </ClInclude>
    <ClInclude Include="Source\External\SDL\include\SDL_version.h">
      <Filter>External\SDL</Filter>
    </ClInclude>
    <ClInclude Include="Source\External\SDL\include\SDL_video.h">
      <Filter>External\SDL</Filter>
    </ClInclude>
    <ClInclude Include="Source\External\SDL\include\SDL_vulkan.h">
      <Filter>External\SDL</Filter>
    </ClInclude>
    <ClInclude Include="Source\Application.h" />
    <ClInclude Include="Source\Color.h" />
    <ClInclude Include="Source\glmath.h" />
    <ClInclude Include="Source\Globals.h" />
    <ClInclude Include="Source\Light.h" />
    <ClInclude Include="Source\Module.h" />
    <ClInclude Include="Source\ModuleCamera3D.h" />
    <ClInclude Include="Source\ModuleInput.h" />
    <ClInclude Include="Source\ModuleRenderer3D.h" />
    <ClInclude Include="Source\ModuleGui.h" />
    <ClInclude Include="Source\ModuleWindow.h" />
    <ClInclude Include="Source\Primitive.h" />
    <ClInclude Include="Source\Timer.h" />
    <ClInclude Include="Source\External\MathGeoLib\include\Algorithm\Random\LCG.h" />
    <ClInclude Include="Source\External\MathGeoLib\include\MathBuildConfig.h" />
    <ClInclude Include="Source\External\MathGeoLib\include\MathGeoLib.h" />
    <ClInclude Include="Source\External\MathGeoLib\include\MathGeoLibFwd.h" />
    <ClInclude Include="Source\GuiPanel.h" />
    <ClInclude Include="Source\External\MathGeoLib\include\Geometry\AABB.h">
      <Filter>External\MathGeo\geometry</Filter>
    </ClInclude>
    <ClInclude Include="Source\External\MathGeoLib\include\Geometry\AABB2D.h">
      <Filter>External\MathGeo\geometry</Filter>
    </ClInclude>
    <ClInclude Include="Source\External\MathGeoLib\include\Geometry\Capsule.h">
      <Filter>External\MathGeo\geometry</Filter>
    </ClInclude>
    <ClInclude Include="Source\External\MathGeoLib\include\Geometry\Circle.h">
      <Filter>External\MathGeo\geometry</Filter>
    </ClInclude>
    <ClInclude Include="Source\External\MathGeoLib\include\Geometry\Cone.h">
      <Filter>External\MathGeo\geometry</Filter>
    </ClInclude>
    <ClInclude Include="Source\External\MathGeoLib\include\Geometry\Cylinder.h">
      <Filter>External\MathGeo\geometry</Filter>
    </ClInclude>
    <ClInclude Include="Source\External\MathGeoLib\include\Geometry\Frustum.h">
      <Filter>External\MathGeo\geometry</Filter>
    </ClInclude>
    <ClInclude Include="Source\External\MathGeoLib\include\Geometry\GeometryAll.h">
      <Filter>External\MathGeo\geometry</Filter>
    </ClInclude>
    <ClInclude Include="Source\External\MathGeoLib\include\Geometry\GeomType.h">
      <Filter>External\MathGeo\geometry</Filter>
    </ClInclude>
    <ClInclude Include="Source\External\MathGeoLib\include\Geometry\HitInfo.h">
      <Filter>External\MathGeo\geometry</Filter>
    </ClInclude>
    <ClInclude Include="Source\External\MathGeoLib\include\Geometry\KDTree.h">
      <Filter>External\MathGeo\geometry</Filter>
    </ClInclude>
    <ClInclude Include="Source\External\MathGeoLib\include\Geometry\Line.h">
      <Filter>External\MathGeo\geometry</Filter>
    </ClInclude>
    <ClInclude Include="Source\External\MathGeoLib\include\Geometry\LineSegment.h">
      <Filter>External\MathGeo\geometry</Filter>
    </ClInclude>
    <ClInclude Include="Source\External\MathGeoLib\include\Geometry\OBB.h">
      <Filter>External\MathGeo\geometry</Filter>
    </ClInclude>
    <ClInclude Include="Source\External\MathGeoLib\include\Geometry\PBVolume.h">
      <Filter>External\MathGeo\geometry</Filter>
    </ClInclude>
    <ClInclude Include="Source\External\MathGeoLib\include\Geometry\Plane.h">
      <Filter>External\MathGeo\geometry</Filter>
    </ClInclude>
    <ClInclude Include="Source\External\MathGeoLib\include\Geometry\Polygon.h">
      <Filter>External\MathGeo\geometry</Filter>
    </ClInclude>
    <ClInclude Include="Source\External\MathGeoLib\include\Geometry\Polyhedron.h">
      <Filter>External\MathGeo\geometry</Filter>
    </ClInclude>
    <ClInclude Include="Source\External\MathGeoLib\include\Geometry\QuadTree.h">
      <Filter>External\MathGeo\geometry</Filter>
    </ClInclude>
    <ClInclude Include="Source\External\MathGeoLib\include\Geometry\Ray.h">
      <Filter>External\MathGeo\geometry</Filter>
    </ClInclude>
    <ClInclude Include="Source\External\MathGeoLib\include\Geometry\Sphere.h">
      <Filter>External\MathGeo\geometry</Filter>
    </ClInclude>
    <ClInclude Include="Source\External\MathGeoLib\include\Geometry\Triangle.h">
      <Filter>External\MathGeo\geometry</Filter>
    </ClInclude>
    <ClInclude Include="Source\External\MathGeoLib\include\Geometry\TriangleMesh.h">
      <Filter>External\MathGeo\geometry</Filter>
    </ClInclude>
    <ClInclude Include="Source\External\MathGeoLib\include\Math\assume.h">
      <Filter>External\MathGeo\Math</Filter>
    </ClInclude>
    <ClInclude Include="Source\External\MathGeoLib\include\Math\BitOps.h">
      <Filter>External\MathGeo\Math</Filter>
    </ClInclude>
    <ClInclude Include="Source\External\MathGeoLib\include\Math\Complex.h">
      <Filter>External\MathGeo\Math</Filter>
    </ClInclude>
    <ClInclude Include="Source\External\MathGeoLib\include\Math\CoordinateAxisConvention.h">
      <Filter>External\MathGeo\Math</Filter>
    </ClInclude>
    <ClInclude Include="Source\External\MathGeoLib\include\Math\FixedPoint.h">
      <Filter>External\MathGeo\Math</Filter>
    </ClInclude>
    <ClInclude Include="Source\External\MathGeoLib\include\Math\float2.h">
      <Filter>External\MathGeo\Math</Filter>
    </ClInclude>
    <ClInclude Include="Source\External\MathGeoLib\include\Math\float3.h">
      <Filter>External\MathGeo\Math</Filter>
    </ClInclude>
    <ClInclude Include="Source\External\MathGeoLib\include\Math\float3x3.h">
      <Filter>External\MathGeo\Math</Filter>
    </ClInclude>
    <ClInclude Include="Source\External\MathGeoLib\include\Math\float3x4.h">
      <Filter>External\MathGeo\Math</Filter>
    </ClInclude>
    <ClInclude Include="Source\External\MathGeoLib\include\Math\float4.h">
      <Filter>External\MathGeo\Math</Filter>
    </ClInclude>
    <ClInclude Include="Source\External\MathGeoLib\include\Math\float4_neon.h">
      <Filter>External\MathGeo\Math</Filter>
    </ClInclude>
    <ClInclude Include="Source\External\MathGeoLib\include\Math\float4_sse.h">
      <Filter>External\MathGeo\Math</Filter>
    </ClInclude>
    <ClInclude Include="Source\External\MathGeoLib\include\Math\float4x4.h">
      <Filter>External\MathGeo\Math</Filter>
    </ClInclude>
    <ClInclude Include="Source\External\MathGeoLib\include\Math\float4x4_neon.h">
      <Filter>External\MathGeo\Math</Filter>
    </ClInclude>
    <ClInclude Include="Source\External\MathGeoLib\include\Math\float4x4_sse.h">
      <Filter>External\MathGeo\Math</Filter>
    </ClInclude>
    <ClInclude Include="Source\External\MathGeoLib\include\Math\FloatCmp.h">
      <Filter>External\MathGeo\Math</Filter>
    </ClInclude>
    <ClInclude Include="Source\External\MathGeoLib\include\Math\MathAll.h">
      <Filter>External\MathGeo\Math</Filter>
    </ClInclude>
    <ClInclude Include="Source\External\MathGeoLib\include\Math\MathConstants.h">
      <Filter>External\MathGeo\Math</Filter>
    </ClInclude>
    <ClInclude Include="Source\External\MathGeoLib\include\Math\MathFunc.h">
      <Filter>External\MathGeo\Math</Filter>
    </ClInclude>
    <ClInclude Include="Source\External\MathGeoLib\include\Math\MathLog.h">
      <Filter>External\MathGeo\Math</Filter>
    </ClInclude>
    <ClInclude Include="Source\External\MathGeoLib\include\Math\MathNamespace.h">
      <Filter>External\MathGeo\Math</Filter>
    </ClInclude>
    <ClInclude Include="Source\External\MathGeoLib\include\Math\MathTypes.h">
      <Filter>External\MathGeo\Math</Filter>
    </ClInclude>
    <ClInclude Include="Source\External\MathGeoLib\include\Math\MatrixProxy.h">
      <Filter>External\MathGeo\Math</Filter>
    </ClInclude>
    <ClInclude Include="Source\External\MathGeoLib\include\Math\myassert.h">
      <Filter>External\MathGeo\Math</Filter>
    </ClInclude>
    <ClInclude Include="Source\External\MathGeoLib\include\Math\Polynomial.h">
      <Filter>External\MathGeo\Math</Filter>
    </ClInclude>
    <ClInclude Include="Source\External\MathGeoLib\include\Math\Quat.h">
      <Filter>External\MathGeo\Math</Filter>
    </ClInclude>
    <ClInclude Include="Source\External\MathGeoLib\include\Math\quat_simd.h">
      <Filter>External\MathGeo\Math</Filter>
    </ClInclude>
    <ClInclude Include="Source\External\MathGeoLib\include\Math\Rect.h">
      <Filter>External\MathGeo\Math</Filter>
    </ClInclude>
    <ClInclude Include="Source\External\MathGeoLib\include\Math\Reinterpret.h">
      <Filter>External\MathGeo\Math</Filter>
    </ClInclude>
    <ClInclude Include="Source\External\MathGeoLib\include\Math\sse_mathfun.h">
      <Filter>External\MathGeo\Math</Filter>
    </ClInclude>
    <ClInclude Include="Source\External\MathGeoLib\include\Math\SSEMath.h">
      <Filter>External\MathGeo\Math</Filter>
    </ClInclude>
    <ClInclude Include="Source\External\MathGeoLib\include\Math\TransformOps.h">
      <Filter>External\MathGeo\Math</Filter>
    </ClInclude>
    <ClInclude Include="Source\External\MathGeoLib\include\Time\Clock.h">
      <Filter>External\MathGeo\Time</Filter>
    </ClInclude>
    <ClInclude Include="Source\GuiPanelConfig.h" />
    <ClInclude Include="Source\GuiPanelConsole.h" />
    <ClInclude Include="Source\External\glew\include\GL\eglew.h">
      <Filter>External\glew</Filter>
    </ClInclude>
    <ClInclude Include="Source\External\glew\include\GL\glew.h">
      <Filter>External\glew</Filter>
    </ClInclude>
    <ClInclude Include="Source\External\glew\include\GL\glxew.h">
      <Filter>External\glew</Filter>
    </ClInclude>
    <ClInclude Include="Source\External\glew\include\GL\wglew.h">
      <Filter>External\glew</Filter>
    </ClInclude>
    <ClInclude Include="Source\ModuleScene.h" />
    <ClInclude Include="Source\External\assimp\include\assimp\aabb.h">
      <Filter>External\assimp</Filter>
    </ClInclude>
    <ClInclude Include="Source\External\assimp\include\assimp\ai_assert.h">
      <Filter>External\assimp</Filter>
    </ClInclude>
    <ClInclude Include="Source\External\assimp\include\assimp\anim.h">
      <Filter>External\assimp</Filter>
    </ClInclude>
    <ClInclude Include="Source\External\assimp\include\assimp\BaseImporter.h">
      <Filter>External\assimp</Filter>
    </ClInclude>
    <ClInclude Include="Source\External\assimp\include\assimp\Bitmap.h">
      <Filter>External\assimp</Filter>
    </ClInclude>
    <ClInclude Include="Source\External\assimp\include\assimp\BlobIOSystem.h">
      <Filter>External\assimp</Filter>
    </ClInclude>
    <ClInclude Include="Source\External\assimp\include\assimp\ByteSwapper.h">
      <Filter>External\assimp</Filter>
    </ClInclude>
    <ClInclude Include="Source\External\assimp\include\assimp\camera.h">
      <Filter>External\assimp</Filter>
    </ClInclude>
    <ClInclude Include="Source\External\assimp\include\assimp\cexport.h">
      <Filter>External\assimp</Filter>
    </ClInclude>
    <ClInclude Include="Source\External\assimp\include\assimp\cfileio.h">
      <Filter>External\assimp</Filter>
    </ClInclude>
    <ClInclude Include="Source\External\assimp\include\assimp\cimport.h">
      <Filter>External\assimp</Filter>
    </ClInclude>
    <ClInclude Include="Source\External\assimp\include\assimp\color4.h">
      <Filter>External\assimp</Filter>
    </ClInclude>
    <ClInclude Include="Source\External\assimp\include\assimp\CreateAnimMesh.h">
      <Filter>External\assimp</Filter>
    </ClInclude>
    <ClInclude Include="Source\External\assimp\include\assimp\DefaultIOStream.h">
      <Filter>External\assimp</Filter>
    </ClInclude>
    <ClInclude Include="Source\External\assimp\include\assimp\DefaultIOSystem.h">
      <Filter>External\assimp</Filter>
    </ClInclude>
    <ClInclude Include="Source\External\assimp\include\assimp\DefaultLogger.hpp">
      <Filter>External\assimp</Filter>
    </ClInclude>
    <ClInclude Include="Source\External\assimp\include\assimp\Defines.h">
      <Filter>External\assimp</Filter>
    </ClInclude>
    <ClInclude Include="Source\External\assimp\include\assimp\defs.h">
      <Filter>External\assimp</Filter>
    </ClInclude>
    <ClInclude Include="Source\External\assimp\include\assimp\Exceptional.h">
      <Filter>External\assimp</Filter>
    </ClInclude>
    <ClInclude Include="Source\External\assimp\include\assimp\Exporter.hpp">
      <Filter>External\assimp</Filter>
    </ClInclude>
    <ClInclude Include="Source\External\assimp\include\assimp\fast_atof.h">
      <Filter>External\assimp</Filter>
    </ClInclude>
    <ClInclude Include="Source\External\assimp\include\assimp\GenericProperty.h">
      <Filter>External\assimp</Filter>
    </ClInclude>
    <ClInclude Include="Source\External\assimp\include\assimp\Hash.h">
      <Filter>External\assimp</Filter>
    </ClInclude>
    <ClInclude Include="Source\External\assimp\include\assimp\Importer.hpp">
      <Filter>External\assimp</Filter>
    </ClInclude>
    <ClInclude Include="Source\External\assimp\include\assimp\importerdesc.h">
      <Filter>External\assimp</Filter>
    </ClInclude>
    <ClInclude Include="Source\External\assimp\include\assimp\IOStream.hpp">
      <Filter>External\assimp</Filter>
    </ClInclude>
    <ClInclude Include="Source\External\assimp\include\assimp\IOStreamBuffer.h">
      <Filter>External\assimp</Filter>
    </ClInclude>
    <ClInclude Include="Source\External\assimp\include\assimp\IOSystem.hpp">
      <Filter>External\assimp</Filter>
    </ClInclude>
    <ClInclude Include="Source\External\assimp\include\assimp\irrXMLWrapper.h">
      <Filter>External\assimp</Filter>
    </ClInclude>
    <ClInclude Include="Source\External\assimp\include\assimp\light.h">
      <Filter>External\assimp</Filter>
    </ClInclude>
    <ClInclude Include="Source\External\assimp\include\assimp\LineSplitter.h">
      <Filter>External\assimp</Filter>
    </ClInclude>
    <ClInclude Include="Source\External\assimp\include\assimp\LogAux.h">
      <Filter>External\assimp</Filter>
    </ClInclude>
    <ClInclude Include="Source\External\assimp\include\assimp\Logger.hpp">
      <Filter>External\assimp</Filter>
    </ClInclude>
    <ClInclude Include="Source\External\assimp\include\assimp\LogStream.hpp">
      <Filter>External\assimp</Filter>
    </ClInclude>
    <ClInclude Include="Source\External\assimp\include\assimp\Macros.h">
      <Filter>External\assimp</Filter>
    </ClInclude>
    <ClInclude Include="Source\External\assimp\include\assimp\material.h">
      <Filter>External\assimp</Filter>
    </ClInclude>
    <ClInclude Include="Source\External\assimp\include\assimp\MathFunctions.h">
      <Filter>External\assimp</Filter>
    </ClInclude>
    <ClInclude Include="Source\External\assimp\include\assimp\matrix3x3.h">
      <Filter>External\assimp</Filter>
    </ClInclude>
    <ClInclude Include="Source\External\assimp\include\assimp\matrix4x4.h">
      <Filter>External\assimp</Filter>
    </ClInclude>
    <ClInclude Include="Source\External\assimp\include\assimp\MemoryIOWrapper.h">
      <Filter>External\assimp</Filter>
    </ClInclude>
    <ClInclude Include="Source\External\assimp\include\assimp\mesh.h">
      <Filter>External\assimp</Filter>
    </ClInclude>
    <ClInclude Include="Source\External\assimp\include\assimp\metadata.h">
      <Filter>External\assimp</Filter>
    </ClInclude>
    <ClInclude Include="Source\External\assimp\include\assimp\NullLogger.hpp">
      <Filter>External\assimp</Filter>
    </ClInclude>
    <ClInclude Include="Source\External\assimp\include\assimp\ParsingUtils.h">
      <Filter>External\assimp</Filter>
    </ClInclude>
    <ClInclude Include="Source\External\assimp\include\assimp\pbrmaterial.h">
      <Filter>External\assimp</Filter>
    </ClInclude>
    <ClInclude Include="Source\External\assimp\include\assimp\postprocess.h">
      <Filter>External\assimp</Filter>
    </ClInclude>
    <ClInclude Include="Source\PrimitiveMeshes.h">
      <Filter>External\assimp</Filter>
    </ClInclude>
    <ClInclude Include="Source\External\assimp\include\assimp\Profiler.h">
      <Filter>External\assimp</Filter>
    </ClInclude>
    <ClInclude Include="Source\External\assimp\include\assimp\ProgressHandler.hpp">
      <Filter>External\assimp</Filter>
    </ClInclude>
    <ClInclude Include="Source\External\assimp\include\assimp\qnan.h">
      <Filter>External\assimp</Filter>
    </ClInclude>
    <ClInclude Include="Source\External\assimp\include\assimp\quaternion.h">
      <Filter>External\assimp</Filter>
    </ClInclude>
    <ClInclude Include="Source\External\assimp\include\assimp\RemoveComments.h">
      <Filter>External\assimp</Filter>
    </ClInclude>
    <ClInclude Include="Source\External\assimp\include\assimp\scene.h">
      <Filter>External\assimp</Filter>
    </ClInclude>
    <ClInclude Include="Source\External\assimp\include\assimp\SceneCombiner.h">
      <Filter>External\assimp</Filter>
    </ClInclude>
    <ClInclude Include="Source\External\assimp\include\assimp\SGSpatialSort.h">
      <Filter>External\assimp</Filter>
    </ClInclude>
    <ClInclude Include="Source\External\assimp\include\assimp\SkeletonMeshBuilder.h">
      <Filter>External\assimp</Filter>
    </ClInclude>
    <ClInclude Include="Source\External\assimp\include\assimp\SmoothingGroups.h">
      <Filter>External\assimp</Filter>
    </ClInclude>
    <ClInclude Include="Source\External\assimp\include\assimp\SpatialSort.h">
      <Filter>External\assimp</Filter>
    </ClInclude>
    <ClInclude Include="Source\External\assimp\include\assimp\StandardShapes.h">
      <Filter>External\assimp</Filter>
    </ClInclude>
    <ClInclude Include="Source\External\assimp\include\assimp\StreamReader.h">
      <Filter>External\assimp</Filter>
    </ClInclude>
    <ClInclude Include="Source\External\assimp\include\assimp\StreamWriter.h">
      <Filter>External\assimp</Filter>
    </ClInclude>
    <ClInclude Include="Source\External\assimp\include\assimp\StringComparison.h">
      <Filter>External\assimp</Filter>
    </ClInclude>
    <ClInclude Include="Source\External\assimp\include\assimp\StringUtils.h">
      <Filter>External\assimp</Filter>
    </ClInclude>
    <ClInclude Include="Source\External\assimp\include\assimp\Subdivision.h">
      <Filter>External\assimp</Filter>
    </ClInclude>
    <ClInclude Include="Source\External\assimp\include\assimp\texture.h">
      <Filter>External\assimp</Filter>
    </ClInclude>
    <ClInclude Include="Source\External\assimp\include\assimp\TinyFormatter.h">
      <Filter>External\assimp</Filter>
    </ClInclude>
    <ClInclude Include="Source\External\assimp\include\assimp\types.h">
      <Filter>External\assimp</Filter>
    </ClInclude>
    <ClInclude Include="Source\External\assimp\include\assimp\vector2.h">
      <Filter>External\assimp</Filter>
    </ClInclude>
    <ClInclude Include="Source\External\assimp\include\assimp\vector3.h">
      <Filter>External\assimp</Filter>
    </ClInclude>
    <ClInclude Include="Source\External\assimp\include\assimp\version.h">
      <Filter>External\assimp</Filter>
    </ClInclude>
    <ClInclude Include="Source\External\assimp\include\assimp\Vertex.h">
      <Filter>External\assimp</Filter>
    </ClInclude>
    <ClInclude Include="Source\External\assimp\include\assimp\XMLTools.h">
      <Filter>External\assimp</Filter>
    </ClInclude>
    <ClInclude Include="Source\External\assimp\include\assimp\ZipArchiveIOSystem.h">
      <Filter>External\assimp</Filter>
    </ClInclude>
    <ClInclude Include="Source\External\stb\stb_c_lexer.h">
      <Filter>External\stb</Filter>
    </ClInclude>
    <ClInclude Include="Source\External\stb\stb_connected_components.h">
      <Filter>External\stb</Filter>
    </ClInclude>
    <ClInclude Include="Source\External\stb\stb_divide.h">
      <Filter>External\stb</Filter>
    </ClInclude>
    <ClInclude Include="Source\External\stb\stb_ds.h">
      <Filter>External\stb</Filter>
    </ClInclude>
    <ClInclude Include="Source\External\stb\stb_dxt.h">
      <Filter>External\stb</Filter>
    </ClInclude>
    <ClInclude Include="Source\External\stb\stb_easy_font.h">
      <Filter>External\stb</Filter>
    </ClInclude>
    <ClInclude Include="Source\External\stb\stb_herringbone_wang_tile.h">
      <Filter>External\stb</Filter>
    </ClInclude>
    <ClInclude Include="Source\External\stb\stb_hexwave.h">
      <Filter>External\stb</Filter>
    </ClInclude>
    <ClInclude Include="Source\External\stb\stb_image.h">
      <Filter>External\stb</Filter>
    </ClInclude>
    <ClInclude Include="Source\External\stb\stb_image_resize.h">
      <Filter>External\stb</Filter>
    </ClInclude>
    <ClInclude Include="Source\External\stb\stb_image_write.h">
      <Filter>External\stb</Filter>
    </ClInclude>
    <ClInclude Include="Source\External\stb\stb_include.h">
      <Filter>External\stb</Filter>
    </ClInclude>
    <ClInclude Include="Source\External\stb\stb_leakcheck.h">
      <Filter>External\stb</Filter>
    </ClInclude>
    <ClInclude Include="Source\External\stb\stb_rect_pack.h">
      <Filter>External\stb</Filter>
    </ClInclude>
    <ClInclude Include="Source\External\stb\stb_sprintf.h">
      <Filter>External\stb</Filter>
    </ClInclude>
    <ClInclude Include="Source\External\stb\stb_textedit.h">
      <Filter>External\stb</Filter>
    </ClInclude>
    <ClInclude Include="Source\External\stb\stb_tilemap_editor.h">
      <Filter>External\stb</Filter>
    </ClInclude>
    <ClInclude Include="Source\External\stb\stb_truetype.h">
      <Filter>External\stb</Filter>
    </ClInclude>
    <ClInclude Include="Source\External\stb\stb_voxel_render.h">
      <Filter>External\stb</Filter>
    </ClInclude>
    <ClInclude Include="Source\ModuleFbxLoader.h" />
    <ClInclude Include="Source\Mesh.h" />
  </ItemGroup>
  <ItemGroup>
    <ClCompile Include="Source\External\imgui\include\imgui.cpp">
      <Filter>External\Imgui</Filter>
    </ClCompile>
    <ClCompile Include="Source\External\imgui\include\imgui_demo.cpp">
      <Filter>External\Imgui</Filter>
    </ClCompile>
    <ClCompile Include="Source\External\imgui\include\imgui_draw.cpp">
      <Filter>External\Imgui</Filter>
    </ClCompile>
    <ClCompile Include="Source\External\imgui\include\imgui_impl_opengl2.cpp">
      <Filter>External\Imgui</Filter>
    </ClCompile>
    <ClCompile Include="Source\External\imgui\include\imgui_impl_sdl.cpp">
      <Filter>External\Imgui</Filter>
    </ClCompile>
    <ClCompile Include="Source\External\imgui\include\imgui_tables.cpp">
      <Filter>External\Imgui</Filter>
    </ClCompile>
    <ClCompile Include="Source\External\imgui\include\imgui_widgets.cpp">
      <Filter>External\Imgui</Filter>
    </ClCompile>
    <ClCompile Include="Source\Application.cpp" />
    <ClCompile Include="Source\Color.cpp" />
    <ClCompile Include="Source\glmath.cpp" />
    <ClCompile Include="Source\Light.cpp" />
    <ClCompile Include="Source\log.cpp" />
    <ClCompile Include="Source\Main.cpp" />
    <ClCompile Include="Source\ModuleCamera3D.cpp" />
    <ClCompile Include="Source\ModuleInput.cpp" />
    <ClCompile Include="Source\ModuleRenderer3D.cpp" />
    <ClCompile Include="Source\ModuleGui.cpp" />
    <ClCompile Include="Source\ModuleWindow.cpp" />
    <ClCompile Include="Source\Primitive.cpp" />
    <ClCompile Include="Source\Timer.cpp" />
    <ClCompile Include="Source\External\MathGeoLib\include\Algorithm\Random\LCG.cpp" />
    <ClCompile Include="Source\External\MathGeoLib\include\Geometry\AABB.cpp">
      <Filter>External\MathGeo\geometry</Filter>
    </ClCompile>
    <ClCompile Include="Source\External\MathGeoLib\include\Geometry\Capsule.cpp">
      <Filter>External\MathGeo\geometry</Filter>
    </ClCompile>
    <ClCompile Include="Source\External\MathGeoLib\include\Geometry\Circle.cpp">
      <Filter>External\MathGeo\geometry</Filter>
    </ClCompile>
    <ClCompile Include="Source\External\MathGeoLib\include\Geometry\Cone.cpp">
      <Filter>External\MathGeo\geometry</Filter>
    </ClCompile>
    <ClCompile Include="Source\External\MathGeoLib\include\Geometry\Cylinder.cpp">
      <Filter>External\MathGeo\geometry</Filter>
    </ClCompile>
    <ClCompile Include="Source\External\MathGeoLib\include\Geometry\Frustum.cpp">
      <Filter>External\MathGeo\geometry</Filter>
    </ClCompile>
    <ClCompile Include="Source\External\MathGeoLib\include\Geometry\Line.cpp">
      <Filter>External\MathGeo\geometry</Filter>
    </ClCompile>
    <ClCompile Include="Source\External\MathGeoLib\include\Geometry\LineSegment.cpp">
      <Filter>External\MathGeo\geometry</Filter>
    </ClCompile>
    <ClCompile Include="Source\External\MathGeoLib\include\Geometry\OBB.cpp">
      <Filter>External\MathGeo\geometry</Filter>
    </ClCompile>
    <ClCompile Include="Source\External\MathGeoLib\include\Geometry\Plane.cpp">
      <Filter>External\MathGeo\geometry</Filter>
    </ClCompile>
    <ClCompile Include="Source\External\MathGeoLib\include\Geometry\Polygon.cpp">
      <Filter>External\MathGeo\geometry</Filter>
    </ClCompile>
    <ClCompile Include="Source\External\MathGeoLib\include\Geometry\Polyhedron.cpp">
      <Filter>External\MathGeo\geometry</Filter>
    </ClCompile>
    <ClCompile Include="Source\External\MathGeoLib\include\Geometry\Ray.cpp">
      <Filter>External\MathGeo\geometry</Filter>
    </ClCompile>
    <ClCompile Include="Source\External\MathGeoLib\include\Geometry\Sphere.cpp">
      <Filter>External\MathGeo\geometry</Filter>
    </ClCompile>
    <ClCompile Include="Source\External\MathGeoLib\include\Geometry\Triangle.cpp">
      <Filter>External\MathGeo\geometry</Filter>
    </ClCompile>
    <ClCompile Include="Source\External\MathGeoLib\include\Geometry\TriangleMesh.cpp">
      <Filter>External\MathGeo\geometry</Filter>
    </ClCompile>
    <ClCompile Include="Source\External\MathGeoLib\include\Math\BitOps.cpp">
      <Filter>External\MathGeo\Math</Filter>
    </ClCompile>
    <ClCompile Include="Source\External\MathGeoLib\include\Math\float2.cpp">
      <Filter>External\MathGeo\Math</Filter>
    </ClCompile>
    <ClCompile Include="Source\External\MathGeoLib\include\Math\float3.cpp">
      <Filter>External\MathGeo\Math</Filter>
    </ClCompile>
    <ClCompile Include="Source\External\MathGeoLib\include\Math\float3x3.cpp">
      <Filter>External\MathGeo\Math</Filter>
    </ClCompile>
    <ClCompile Include="Source\External\MathGeoLib\include\Math\float3x4.cpp">
      <Filter>External\MathGeo\Math</Filter>
    </ClCompile>
    <ClCompile Include="Source\External\MathGeoLib\include\Math\float4.cpp">
      <Filter>External\MathGeo\Math</Filter>
    </ClCompile>
    <ClCompile Include="Source\External\MathGeoLib\include\Math\float4x4.cpp">
      <Filter>External\MathGeo\Math</Filter>
    </ClCompile>
    <ClCompile Include="Source\External\MathGeoLib\include\Math\MathFunc.cpp">
      <Filter>External\MathGeo\Math</Filter>
    </ClCompile>
    <ClCompile Include="Source\External\MathGeoLib\include\Math\MathLog.cpp">
      <Filter>External\MathGeo\Math</Filter>
    </ClCompile>
    <ClCompile Include="Source\External\MathGeoLib\include\Math\MathOps.cpp">
      <Filter>External\MathGeo\Math</Filter>
    </ClCompile>
    <ClCompile Include="Source\External\MathGeoLib\include\Math\Polynomial.cpp">
      <Filter>External\MathGeo\Math</Filter>
    </ClCompile>
    <ClCompile Include="Source\External\MathGeoLib\include\Math\Quat.cpp">
      <Filter>External\MathGeo\Math</Filter>
    </ClCompile>
    <ClCompile Include="Source\External\MathGeoLib\include\Math\SSEMath.cpp">
      <Filter>External\MathGeo\Math</Filter>
    </ClCompile>
    <ClCompile Include="Source\External\MathGeoLib\include\Math\TransformOps.cpp">
      <Filter>External\MathGeo\Math</Filter>
    </ClCompile>
    <ClCompile Include="Source\External\MathGeoLib\include\Time\Clock.cpp">
      <Filter>External\MathGeo\Time</Filter>
    </ClCompile>
    <ClCompile Include="Source\GuiPanelConfig.cpp" />
    <ClCompile Include="Source\GuiPanelConsole.cpp" />
    <ClCompile Include="Source\ModuleScene.cpp" />
    <ClCompile Include="Source\External\stb\stb_vorbis.c">
      <Filter>External\stb</Filter>
    </ClCompile>
    <ClCompile Include="Source\ModuleFbxLoader.cpp" />
    <ClCompile Include="Source\Mesh.cpp" />
  </ItemGroup>
  <ItemGroup>
    <None Include="Source\External\SDL\include\SDL_config.h.cmake">
      <Filter>External\SDL</Filter>
    </None>
    <None Include="Source\External\SDL\include\SDL_config.h.in">
      <Filter>External\SDL</Filter>
    </None>
    <None Include="Source\External\SDL\include\SDL_config_macosx.h.orig">
      <Filter>External\SDL</Filter>
    </None>
    <None Include="Source\README.md" />
    <None Include="Source\External\MathGeoLib\include\Geometry\KDTree.inl">
      <Filter>External\MathGeo\geometry</Filter>
    </None>
    <None Include="Source\External\MathGeoLib\include\Geometry\QuadTree.inl">
      <Filter>External\MathGeo\geometry</Filter>
    </None>
    <None Include="Source\External\MathGeoLib\include\Geometry\TriangleMesh_IntersectRay_AVX.inl">
      <Filter>External\MathGeo\geometry</Filter>
    </None>
    <None Include="Source\External\MathGeoLib\include\Geometry\TriangleMesh_IntersectRay_CPP.inl">
      <Filter>External\MathGeo\geometry</Filter>
    </None>
    <None Include="Source\External\MathGeoLib\include\Geometry\TriangleMesh_IntersectRay_SSE.inl">
      <Filter>External\MathGeo\geometry</Filter>
    </None>
    <None Include="Source\External\MathGeoLib\include\Math\Matrix.inl">
      <Filter>External\MathGeo\Math</Filter>
    </None>
    <None Include="Source\External\assimp\include\assimp\color4.inl">
      <Filter>External\assimp</Filter>
    </None>
    <None Include="Source\External\assimp\include\assimp\config.h.in">
      <Filter>External\assimp</Filter>
    </None>
    <None Include="Source\External\assimp\include\assimp\material.inl">
      <Filter>External\assimp</Filter>
    </None>
    <None Include="Source\External\assimp\include\assimp\matrix3x3.inl">
      <Filter>External\assimp</Filter>
    </None>
    <None Include="Source\External\assimp\include\assimp\matrix4x4.inl">
      <Filter>External\assimp</Filter>
    </None>
    <None Include="Source\External\assimp\include\assimp\quaternion.inl">
      <Filter>External\assimp</Filter>
    </None>
    <None Include="Source\External\assimp\include\assimp\SmoothingGroups.inl">
      <Filter>External\assimp</Filter>
    </None>
    <None Include="Source\External\assimp\include\assimp\vector2.inl">
      <Filter>External\assimp</Filter>
    </None>
    <None Include="Source\External\assimp\include\assimp\vector3.inl">
      <Filter>External\assimp</Filter>
    </None>
  </ItemGroup>
</Project>